
Microsoft Visual Studio Solution File, Format Version 12.00
# Visual Studio Version 16
VisualStudioVersion = 16.0.31129.286
MinimumVisualStudioVersion = 10.0.40219.1
Project("{FAE04EC0-301F-11D3-BF4B-00C04F79EFBC}") = "Chapter08ProgramLetterCount.zip", "Chapter08ProgramLetterCount.zip\Chapter08ProgramLetterCount.zip.csproj", "{E92CD8B8-5056-4D4F-9013-F15D23DCD409}"
EndProject
Global
	GlobalSection(SolutionConfigurationPlatforms) = preSolution
		Debug|Any CPU = Debug|Any CPU
		Release|Any CPU = Release|Any CPU
	EndGlobalSection
	GlobalSection(ProjectConfigurationPlatforms) = postSolution
		{E92CD8B8-5056-4D4F-9013-F15D23DCD409}.Debug|Any CPU.ActiveCfg = Debug|Any CPU
		{E92CD8B8-5056-4D4F-9013-F15D23DCD409}.Debug|Any CPU.Build.0 = Debug|Any CPU
		{E92CD8B8-5056-4D4F-9013-F15D23DCD409}.Release|Any CPU.ActiveCfg = Release|Any CPU
		{E92CD8B8-5056-4D4F-9013-F15D23DCD409}.Release|Any CPU.Build.0 = Release|Any CPU
	EndGlobalSection
	GlobalSection(SolutionProperties) = preSolution
		HideSolutionNode = FALSE
	EndGlobalSection
	GlobalSection(ExtensibilityGlobals) = postSolution
		SolutionGuid = {79BDD3F0-2F37-4E18-8A20-D1C58E231DF0}
	EndGlobalSection
EndGlobal
