
Microsoft Visual Studio Solution File, Format Version 12.00
# Visual Studio Version 16
VisualStudioVersion = 16.0.30225.117
MinimumVisualStudioVersion = 10.0.40219.1
Project("{FAE04EC0-301F-11D3-BF4B-00C04F79EFBC}") = "Chapter02Program01", "Chapter02Program01\Chapter02Program01.csproj", "{99F6DFC6-502C-4CE3-9FFC-61EE7A86A0B7}"
EndProject
Global
	GlobalSection(SolutionConfigurationPlatforms) = preSolution
		Debug|Any CPU = Debug|Any CPU
		Release|Any CPU = Release|Any CPU
	EndGlobalSection
	GlobalSection(ProjectConfigurationPlatforms) = postSolution
		{99F6DFC6-502C-4CE3-9FFC-61EE7A86A0B7}.Debug|Any CPU.ActiveCfg = Debug|Any CPU
		{99F6DFC6-502C-4CE3-9FFC-61EE7A86A0B7}.Debug|Any CPU.Build.0 = Debug|Any CPU
		{99F6DFC6-502C-4CE3-9FFC-61EE7A86A0B7}.Release|Any CPU.ActiveCfg = Release|Any CPU
		{99F6DFC6-502C-4CE3-9FFC-61EE7A86A0B7}.Release|Any CPU.Build.0 = Release|Any CPU
	EndGlobalSection
	GlobalSection(SolutionProperties) = preSolution
		HideSolutionNode = FALSE
	EndGlobalSection
	GlobalSection(ExtensibilityGlobals) = postSolution
		SolutionGuid = {65A35210-8CA5-45A1-AED3-B2CADC307FC0}
	EndGlobalSection
EndGlobal
