
Microsoft Visual Studio Solution File, Format Version 12.00
# Visual Studio Version 16
VisualStudioVersion = 16.0.31129.286
MinimumVisualStudioVersion = 10.0.40219.1
Project("{FAE04EC0-301F-11D3-BF4B-00C04F79EFBC}") = "Chapter06ProgramSwitch.zip", "Chapter06ProgramSwitch.zip\Chapter06ProgramSwitch.zip.csproj", "{B623E880-0FB3-4ECE-9816-54E4C571B283}"
EndProject
Global
	GlobalSection(SolutionConfigurationPlatforms) = preSolution
		Debug|Any CPU = Debug|Any CPU
		Release|Any CPU = Release|Any CPU
	EndGlobalSection
	GlobalSection(ProjectConfigurationPlatforms) = postSolution
		{B623E880-0FB3-4ECE-9816-54E4C571B283}.Debug|Any CPU.ActiveCfg = Debug|Any CPU
		{B623E880-0FB3-4ECE-9816-54E4C571B283}.Debug|Any CPU.Build.0 = Debug|Any CPU
		{B623E880-0FB3-4ECE-9816-54E4C571B283}.Release|Any CPU.ActiveCfg = Release|Any CPU
		{B623E880-0FB3-4ECE-9816-54E4C571B283}.Release|Any CPU.Build.0 = Release|Any CPU
	EndGlobalSection
	GlobalSection(SolutionProperties) = preSolution
		HideSolutionNode = FALSE
	EndGlobalSection
	GlobalSection(ExtensibilityGlobals) = postSolution
		SolutionGuid = {50028109-055B-497F-A6CA-54BDB8619705}
	EndGlobalSection
EndGlobal
