
Microsoft Visual Studio Solution File, Format Version 12.00
# Visual Studio Version 16
VisualStudioVersion = 16.0.31129.286
MinimumVisualStudioVersion = 10.0.40219.1
Project("{FAE04EC0-301F-11D3-BF4B-00C04F79EFBC}") = "Chapter07ProgramDoWhileRandaomNumbers.zip", "Chapter07ProgramDoWhileRandaomNumbers.zip\Chapter07ProgramDoWhileRandaomNumbers.zip.csproj", "{34648B2D-41DE-47B3-B071-C093380420E8}"
EndProject
Global
	GlobalSection(SolutionConfigurationPlatforms) = preSolution
		Debug|Any CPU = Debug|Any CPU
		Release|Any CPU = Release|Any CPU
	EndGlobalSection
	GlobalSection(ProjectConfigurationPlatforms) = postSolution
		{34648B2D-41DE-47B3-B071-C093380420E8}.Debug|Any CPU.ActiveCfg = Debug|Any CPU
		{34648B2D-41DE-47B3-B071-C093380420E8}.Debug|Any CPU.Build.0 = Debug|Any CPU
		{34648B2D-41DE-47B3-B071-C093380420E8}.Release|Any CPU.ActiveCfg = Release|Any CPU
		{34648B2D-41DE-47B3-B071-C093380420E8}.Release|Any CPU.Build.0 = Release|Any CPU
	EndGlobalSection
	GlobalSection(SolutionProperties) = preSolution
		HideSolutionNode = FALSE
	EndGlobalSection
	GlobalSection(ExtensibilityGlobals) = postSolution
		SolutionGuid = {3A7B4E30-17DA-487F-9635-7D8A7CCF495F}
	EndGlobalSection
EndGlobal
