
Microsoft Visual Studio Solution File, Format Version 12.00
# Visual Studio Version 16
VisualStudioVersion = 16.0.31129.286
MinimumVisualStudioVersion = 10.0.40219.1
Project("{FAE04EC0-301F-11D3-BF4B-00C04F79EFBC}") = "EXCEPTIONEX", "EXCEPTIONEX\EXCEPTIONEX.csproj", "{2B9A592E-81E2-46C5-829E-9B5B97BC8019}"
EndProject
Global
	GlobalSection(SolutionConfigurationPlatforms) = preSolution
		Debug|Any CPU = Debug|Any CPU
		Release|Any CPU = Release|Any CPU
	EndGlobalSection
	GlobalSection(ProjectConfigurationPlatforms) = postSolution
		{2B9A592E-81E2-46C5-829E-9B5B97BC8019}.Debug|Any CPU.ActiveCfg = Debug|Any CPU
		{2B9A592E-81E2-46C5-829E-9B5B97BC8019}.Debug|Any CPU.Build.0 = Debug|Any CPU
		{2B9A592E-81E2-46C5-829E-9B5B97BC8019}.Release|Any CPU.ActiveCfg = Release|Any CPU
		{2B9A592E-81E2-46C5-829E-9B5B97BC8019}.Release|Any CPU.Build.0 = Release|Any CPU
	EndGlobalSection
	GlobalSection(SolutionProperties) = preSolution
		HideSolutionNode = FALSE
	EndGlobalSection
	GlobalSection(ExtensibilityGlobals) = postSolution
		SolutionGuid = {2D962102-0331-4406-A081-59CCF56313E5}
	EndGlobalSection
EndGlobal
