
Microsoft Visual Studio Solution File, Format Version 12.00
# Visual Studio Version 16
VisualStudioVersion = 16.0.31129.286
MinimumVisualStudioVersion = 10.0.40219.1
Project("{FAE04EC0-301F-11D3-BF4B-00C04F79EFBC}") = "Chapter08ProgramCollections.zip", "Chapter08ProgramCollections.zip\Chapter08ProgramCollections.zip.csproj", "{6678EB4B-6196-4537-B317-A0AB26896DF4}"
EndProject
Global
	GlobalSection(SolutionConfigurationPlatforms) = preSolution
		Debug|Any CPU = Debug|Any CPU
		Release|Any CPU = Release|Any CPU
	EndGlobalSection
	GlobalSection(ProjectConfigurationPlatforms) = postSolution
		{6678EB4B-6196-4537-B317-A0AB26896DF4}.Debug|Any CPU.ActiveCfg = Debug|Any CPU
		{6678EB4B-6196-4537-B317-A0AB26896DF4}.Debug|Any CPU.Build.0 = Debug|Any CPU
		{6678EB4B-6196-4537-B317-A0AB26896DF4}.Release|Any CPU.ActiveCfg = Release|Any CPU
		{6678EB4B-6196-4537-B317-A0AB26896DF4}.Release|Any CPU.Build.0 = Release|Any CPU
	EndGlobalSection
	GlobalSection(SolutionProperties) = preSolution
		HideSolutionNode = FALSE
	EndGlobalSection
	GlobalSection(ExtensibilityGlobals) = postSolution
		SolutionGuid = {5A4304EB-4FA8-48D1-8FD3-1E5AC80A7556}
	EndGlobalSection
EndGlobal
